
Microsoft Visual Studio Solution File, Format Version 12.00
# Visual Studio Version 17
VisualStudioVersion = 17.0.31903.59
MinimumVisualStudioVersion = 10.0.40219.1
Project("{FAE04EC0-301F-11D3-BF4B-00C04F79EFBC}") = "IngerCalculator", "IngerCalculator\IngerCalculator.csproj", "{D9B71DED-6D8D-45DF-B261-EFEC74B47B06}"
EndProject
Global
	GlobalSection(SolutionConfigurationPlatforms) = preSolution
		Debug|Any CPU = Debug|Any CPU
		Release|Any CPU = Release|Any CPU
	EndGlobalSection
	GlobalSection(ProjectConfigurationPlatforms) = postSolution
		{D9B71DED-6D8D-45DF-B261-EFEC74B47B06}.Debug|Any CPU.ActiveCfg = Debug|Any CPU
		{D9B71DED-6D8D-45DF-B261-EFEC74B47B06}.Debug|Any CPU.Build.0 = Debug|Any CPU
		{D9B71DED-6D8D-45DF-B261-EFEC74B47B06}.Release|Any CPU.ActiveCfg = Release|Any CPU
		{D9B71DED-6D8D-45DF-B261-EFEC74B47B06}.Release|Any CPU.Build.0 = Release|Any CPU
	EndGlobalSection
	GlobalSection(SolutionProperties) = preSolution
		HideSolutionNode = FALSE
	EndGlobalSection
	GlobalSection(ExtensibilityGlobals) = postSolution
		SolutionGuid = {DD0ECDD5-D490-48DC-A054-4DD5F99EBD11}
	EndGlobalSection
EndGlobal
